{
  "version": 4,
  "terraform_version": "1.4.4",
  "serial": 6,
  "lineage": "79402b4e-799a-fe9d-c4d1-5529ef2718f1",
  "outputs": {
    "resource_group_name": {
      "value": "anaxupjbe5p-rg",
      "type": "string"
    },
    "storage_account_name": {
      "value": "anaxupjbe5psa",
      "type": "string"
    }
  },
  "resources": [
    {
      "mode": "data",
      "type": "azurerm_subscription",
      "name": "current",
      "provider": "provider[\"registry.terraform.io/hashicorp/azurerm\"]",
      "instances": [
        {
          "schema_version": 0,
          "attributes": {
            "display_name": "Azure subscription 1",
            "id": "/subscriptions/6ad3de4b-8806-45a3-bdae-c42ab48bc868",
            "location_placement_id": "Public_2014-09-01",
            "quota_id": "FreeTrial_2014-09-01",
            "spending_limit": "On",
            "state": "Enabled",
            "subscription_id": "6ad3de4b-8806-45a3-bdae-c42ab48bc868",
            "tags": {},
            "tenant_id": "ed019442-7a00-4fcc-b9f3-8983adb6ea42",
            "timeouts": null
          },
          "sensitive_attributes": []
        }
      ]
    },
    {
      "mode": "managed",
      "type": "azurerm_resource_group",
      "name": "example",
      "provider": "provider[\"registry.terraform.io/hashicorp/azurerm\"]",
      "instances": [
        {
          "schema_version": 0,
          "attributes": {
            "id": "/subscriptions/6ad3de4b-8806-45a3-bdae-c42ab48bc868/resourceGroups/anaxupjbe5p-rg",
            "location": "westeurope",
            "name": "anaxupjbe5p-rg",
            "tags": null,
            "timeouts": null
          },
          "sensitive_attributes": [],
          "private": "eyJlMmJmYjczMC1lY2FhLTExZTYtOGY4OC0zNDM2M2JjN2M0YzAiOnsiY3JlYXRlIjo1NDAwMDAwMDAwMDAwLCJkZWxldGUiOjU0MDAwMDAwMDAwMDAsInJlYWQiOjMwMDAwMDAwMDAwMCwidXBkYXRlIjo1NDAwMDAwMDAwMDAwfX0=",
          "dependencies": [
            "random_string.random"
          ]
        }
      ]
    },
    {
      "mode": "managed",
      "type": "azurerm_storage_account",
      "name": "example",
      "provider": "provider[\"registry.terraform.io/hashicorp/azurerm\"]",
      "instances": [
        {
          "schema_version": 3,
          "attributes": {
            "access_tier": "Hot",
            "account_kind": "StorageV2",
            "account_replication_type": "GRS",
            "account_tier": "Standard",
            "allow_nested_items_to_be_public": true,
            "allowed_copy_scope": "",
            "azure_files_authentication": [],
            "blob_properties": [
              {
                "change_feed_enabled": true,
                "change_feed_retention_in_days": 0,
                "container_delete_retention_policy": [],
                "cors_rule": [],
                "default_service_version": "",
                "delete_retention_policy": [
                  {
                    "days": 8
                  }
                ],
                "last_access_time_enabled": false,
                "restore_policy": [
                  {
                    "days": 7
                  }
                ],
                "versioning_enabled": true
              }
            ],
            "cross_tenant_replication_enabled": true,
            "custom_domain": [],
            "customer_managed_key": [],
            "default_to_oauth_authentication": false,
            "edge_zone": "",
            "enable_https_traffic_only": true,
            "id": "/subscriptions/6ad3de4b-8806-45a3-bdae-c42ab48bc868/resourceGroups/anaxupjbe5p-rg/providers/Microsoft.Storage/storageAccounts/anaxupjbe5psa",
            "identity": [],
            "immutability_policy": [],
            "infrastructure_encryption_enabled": false,
            "is_hns_enabled": false,
            "large_file_share_enabled": null,
            "location": "westeurope",
            "min_tls_version": "TLS1_2",
            "name": "anaxupjbe5psa",
            "network_rules": [
              {
                "bypass": [
                  "AzureServices"
                ],
                "default_action": "Allow",
                "ip_rules": [],
                "private_link_access": [],
                "virtual_network_subnet_ids": []
              }
            ],
            "nfsv3_enabled": false,
            "primary_access_key": "gvS502AMyc3fdH4Fj5a737OpmzTOArfeEur14MBWUY7lKS5Cofs4De1FmogVJvRRFl8BLA3xshfb+AStbXY2nQ==",
            "primary_blob_connection_string": "DefaultEndpointsProtocol=https;BlobEndpoint=https://anaxupjbe5psa.blob.core.windows.net/;AccountName=anaxupjbe5psa;AccountKey=gvS502AMyc3fdH4Fj5a737OpmzTOArfeEur14MBWUY7lKS5Cofs4De1FmogVJvRRFl8BLA3xshfb+AStbXY2nQ==",
            "primary_blob_endpoint": "https://anaxupjbe5psa.blob.core.windows.net/",
            "primary_blob_host": "anaxupjbe5psa.blob.core.windows.net",
            "primary_connection_string": "DefaultEndpointsProtocol=https;AccountName=anaxupjbe5psa;AccountKey=gvS502AMyc3fdH4Fj5a737OpmzTOArfeEur14MBWUY7lKS5Cofs4De1FmogVJvRRFl8BLA3xshfb+AStbXY2nQ==;EndpointSuffix=core.windows.net",
            "primary_dfs_endpoint": "https://anaxupjbe5psa.dfs.core.windows.net/",
            "primary_dfs_host": "anaxupjbe5psa.dfs.core.windows.net",
            "primary_file_endpoint": "https://anaxupjbe5psa.file.core.windows.net/",
            "primary_file_host": "anaxupjbe5psa.file.core.windows.net",
            "primary_location": "westeurope",
            "primary_queue_endpoint": "https://anaxupjbe5psa.queue.core.windows.net/",
            "primary_queue_host": "anaxupjbe5psa.queue.core.windows.net",
            "primary_table_endpoint": "https://anaxupjbe5psa.table.core.windows.net/",
            "primary_table_host": "anaxupjbe5psa.table.core.windows.net",
            "primary_web_endpoint": "https://anaxupjbe5psa.z6.web.core.windows.net/",
            "primary_web_host": "anaxupjbe5psa.z6.web.core.windows.net",
            "public_network_access_enabled": true,
            "queue_encryption_key_type": "Service",
            "queue_properties": [
              {
                "cors_rule": [],
                "hour_metrics": [
                  {
                    "enabled": true,
                    "include_apis": true,
                    "retention_policy_days": 7,
                    "version": "1.0"
                  }
                ],
                "logging": [
                  {
                    "delete": false,
                    "read": false,
                    "retention_policy_days": 0,
                    "version": "1.0",
                    "write": false
                  }
                ],
                "minute_metrics": [
                  {
                    "enabled": false,
                    "include_apis": false,
                    "retention_policy_days": 0,
                    "version": "1.0"
                  }
                ]
              }
            ],
            "resource_group_name": "anaxupjbe5p-rg",
            "routing": [],
            "sas_policy": [],
            "secondary_access_key": "XQr6M69vxj/HiUsdTb4vmz/7yqYw4ihUtDbZhxecsK1IuZ9PqI2NHcbfwCgT1C4Py7ToYwFPokk0+AStbCER+Q==",
            "secondary_blob_connection_string": "",
            "secondary_blob_endpoint": null,
            "secondary_blob_host": null,
            "secondary_connection_string": "DefaultEndpointsProtocol=https;AccountName=anaxupjbe5psa;AccountKey=XQr6M69vxj/HiUsdTb4vmz/7yqYw4ihUtDbZhxecsK1IuZ9PqI2NHcbfwCgT1C4Py7ToYwFPokk0+AStbCER+Q==;EndpointSuffix=core.windows.net",
            "secondary_dfs_endpoint": null,
            "secondary_dfs_host": null,
            "secondary_file_endpoint": null,
            "secondary_file_host": null,
            "secondary_location": "northeurope",
            "secondary_queue_endpoint": null,
            "secondary_queue_host": null,
            "secondary_table_endpoint": null,
            "secondary_table_host": null,
            "secondary_web_endpoint": null,
            "secondary_web_host": null,
            "sftp_enabled": false,
            "share_properties": [
              {
                "cors_rule": [],
                "retention_policy": [
                  {
                    "days": 7
                  }
                ],
                "smb": []
              }
            ],
            "shared_access_key_enabled": true,
            "static_website": [],
            "table_encryption_key_type": "Service",
            "tags": {
              "environment": "staging"
            },
            "timeouts": null
          },
          "sensitive_attributes": [],
          "private": "eyJlMmJmYjczMC1lY2FhLTExZTYtOGY4OC0zNDM2M2JjN2M0YzAiOnsiY3JlYXRlIjozNjAwMDAwMDAwMDAwLCJkZWxldGUiOjM2MDAwMDAwMDAwMDAsInJlYWQiOjMwMDAwMDAwMDAwMCwidXBkYXRlIjozNjAwMDAwMDAwMDAwfSwic2NoZW1hX3ZlcnNpb24iOiIzIn0=",
          "dependencies": [
            "azurerm_resource_group.example",
            "random_string.random"
          ]
        }
      ]
    },
    {
      "mode": "managed",
      "type": "azurerm_storage_blob",
      "name": "example",
      "provider": "provider[\"registry.terraform.io/hashicorp/azurerm\"]",
      "instances": [
        {
          "schema_version": 1,
          "attributes": {
            "access_tier": "Hot",
            "cache_control": "",
            "content_md5": "",
            "content_type": "application/octet-stream",
            "id": "https://anaxupjbe5psa.blob.core.windows.net/tfstate/ana.tfstate",
            "metadata": {},
            "name": "ana.tfstate",
            "parallelism": 8,
            "size": 0,
            "source": null,
            "source_content": null,
            "source_uri": null,
            "storage_account_name": "anaxupjbe5psa",
            "storage_container_name": "tfstate",
            "timeouts": null,
            "type": "Block",
            "url": "https://anaxupjbe5psa.blob.core.windows.net/tfstate/ana.tfstate"
          },
          "sensitive_attributes": [],
          "private": "eyJlMmJmYjczMC1lY2FhLTExZTYtOGY4OC0zNDM2M2JjN2M0YzAiOnsiY3JlYXRlIjoxODAwMDAwMDAwMDAwLCJkZWxldGUiOjE4MDAwMDAwMDAwMDAsInJlYWQiOjMwMDAwMDAwMDAwMCwidXBkYXRlIjoxODAwMDAwMDAwMDAwfSwic2NoZW1hX3ZlcnNpb24iOiIxIn0=",
          "dependencies": [
            "azurerm_resource_group.example",
            "azurerm_storage_account.example",
            "azurerm_storage_container.example",
            "random_string.random"
          ]
        }
      ]
    },
    {
      "mode": "managed",
      "type": "azurerm_storage_container",
      "name": "example",
      "provider": "provider[\"registry.terraform.io/hashicorp/azurerm\"]",
      "instances": [
        {
          "schema_version": 1,
          "attributes": {
            "container_access_type": "private",
            "has_immutability_policy": false,
            "has_legal_hold": false,
            "id": "https://anaxupjbe5psa.blob.core.windows.net/tfstate",
            "metadata": {},
            "name": "tfstate",
            "resource_manager_id": "/subscriptions/6ad3de4b-8806-45a3-bdae-c42ab48bc868/resourceGroups/anaxupjbe5p-rg/providers/Microsoft.Storage/storageAccounts/anaxupjbe5psa/blobServices/default/containers/tfstate",
            "storage_account_name": "anaxupjbe5psa",
            "timeouts": null
          },
          "sensitive_attributes": [],
          "private": "eyJlMmJmYjczMC1lY2FhLTExZTYtOGY4OC0zNDM2M2JjN2M0YzAiOnsiY3JlYXRlIjoxODAwMDAwMDAwMDAwLCJkZWxldGUiOjE4MDAwMDAwMDAwMDAsInJlYWQiOjMwMDAwMDAwMDAwMCwidXBkYXRlIjoxODAwMDAwMDAwMDAwfSwic2NoZW1hX3ZlcnNpb24iOiIxIn0=",
          "dependencies": [
            "azurerm_resource_group.example",
            "azurerm_storage_account.example",
            "random_string.random"
          ]
        }
      ]
    },
    {
      "mode": "managed",
      "type": "random_string",
      "name": "random",
      "provider": "provider[\"registry.terraform.io/hashicorp/random\"]",
      "instances": [
        {
          "schema_version": 2,
          "attributes": {
            "id": "xupjbe5p",
            "keepers": null,
            "length": 8,
            "lower": true,
            "min_lower": 0,
            "min_numeric": 0,
            "min_special": 0,
            "min_upper": 0,
            "number": true,
            "numeric": true,
            "override_special": null,
            "result": "xupjbe5p",
            "special": false,
            "upper": false
          },
          "sensitive_attributes": []
        }
      ]
    }
  ],
  "check_results": null
}
