{
  "version": 4,
  "terraform_version": "1.4.4",
  "serial": 10,
  "lineage": "5db6ac4b-5598-ee3d-77a1-a1a1417f5f7f",
  "outputs": {},
  "resources": [
    {
      "mode": "data",
      "type": "azurerm_subscription",
      "name": "current",
      "provider": "provider[\"registry.terraform.io/hashicorp/azurerm\"]",
      "instances": [
        {
          "schema_version": 0,
          "attributes": {
            "display_name": "Azure subscription 1",
            "id": "/subscriptions/6ad3de4b-8806-45a3-bdae-c42ab48bc868",
            "location_placement_id": "Public_2014-09-01",
            "quota_id": "FreeTrial_2014-09-01",
            "spending_limit": "On",
            "state": "Enabled",
            "subscription_id": "6ad3de4b-8806-45a3-bdae-c42ab48bc868",
            "tags": {},
            "tenant_id": "ed019442-7a00-4fcc-b9f3-8983adb6ea42",
            "timeouts": null
          },
          "sensitive_attributes": []
        }
      ]
    },
    {
      "mode": "managed",
      "type": "azurerm_resource_group",
      "name": "general_network",
      "provider": "provider[\"registry.terraform.io/hashicorp/azurerm\"]",
      "instances": [
        {
          "schema_version": 0,
          "attributes": {
            "id": "/subscriptions/6ad3de4b-8806-45a3-bdae-c42ab48bc868/resourceGroups/ana-azure-ntwrk-rg",
            "location": "westeurope",
            "name": "ana-azure-ntwrk-rg",
            "tags": null,
            "timeouts": null
          },
          "sensitive_attributes": [],
          "private": "eyJlMmJmYjczMC1lY2FhLTExZTYtOGY4OC0zNDM2M2JjN2M0YzAiOnsiY3JlYXRlIjo1NDAwMDAwMDAwMDAwLCJkZWxldGUiOjU0MDAwMDAwMDAwMDAsInJlYWQiOjMwMDAwMDAwMDAwMCwidXBkYXRlIjo1NDAwMDAwMDAwMDAwfX0="
        }
      ]
    },
    {
      "mode": "managed",
      "type": "azurerm_subnet",
      "name": "general_network_vms",
      "provider": "provider[\"registry.terraform.io/hashicorp/azurerm\"]",
      "instances": [
        {
          "schema_version": 0,
          "attributes": {
            "address_prefixes": [
              "10.0.1.0/24"
            ],
            "delegation": [],
            "enforce_private_link_endpoint_network_policies": false,
            "enforce_private_link_service_network_policies": false,
            "id": "/subscriptions/6ad3de4b-8806-45a3-bdae-c42ab48bc868/resourceGroups/ana-azure-ntwrk-rg/providers/Microsoft.Network/virtualNetworks/ana-azure-ntwrk-vnet/subnets/ana-azure-ntwrk-vnet-vms-snet",
            "name": "ana-azure-ntwrk-vnet-vms-snet",
            "private_endpoint_network_policies_enabled": true,
            "private_link_service_network_policies_enabled": true,
            "resource_group_name": "ana-azure-ntwrk-rg",
            "service_endpoint_policy_ids": null,
            "service_endpoints": null,
            "timeouts": null,
            "virtual_network_name": "ana-azure-ntwrk-vnet"
          },
          "sensitive_attributes": [],
          "private": "eyJlMmJmYjczMC1lY2FhLTExZTYtOGY4OC0zNDM2M2JjN2M0YzAiOnsiY3JlYXRlIjoxODAwMDAwMDAwMDAwLCJkZWxldGUiOjE4MDAwMDAwMDAwMDAsInJlYWQiOjMwMDAwMDAwMDAwMCwidXBkYXRlIjoxODAwMDAwMDAwMDAwfX0=",
          "dependencies": [
            "azurerm_resource_group.general_network",
            "azurerm_virtual_network.general_network"
          ]
        }
      ]
    },
    {
      "mode": "managed",
      "type": "azurerm_virtual_network",
      "name": "general_network",
      "provider": "provider[\"registry.terraform.io/hashicorp/azurerm\"]",
      "instances": [
        {
          "schema_version": 0,
          "attributes": {
            "address_space": [
              "10.0.0.0/16"
            ],
            "bgp_community": "",
            "ddos_protection_plan": [],
            "dns_servers": [],
            "edge_zone": "",
            "flow_timeout_in_minutes": 0,
            "guid": "d077a2b5-3a98-4df6-993a-5e37b9e8c5a2",
            "id": "/subscriptions/6ad3de4b-8806-45a3-bdae-c42ab48bc868/resourceGroups/ana-azure-ntwrk-rg/providers/Microsoft.Network/virtualNetworks/ana-azure-ntwrk-vnet",
            "location": "westeurope",
            "name": "ana-azure-ntwrk-vnet",
            "resource_group_name": "ana-azure-ntwrk-rg",
            "subnet": [],
            "tags": null,
            "timeouts": null
          },
          "sensitive_attributes": [],
          "private": "eyJlMmJmYjczMC1lY2FhLTExZTYtOGY4OC0zNDM2M2JjN2M0YzAiOnsiY3JlYXRlIjoxODAwMDAwMDAwMDAwLCJkZWxldGUiOjE4MDAwMDAwMDAwMDAsInJlYWQiOjMwMDAwMDAwMDAwMCwidXBkYXRlIjoxODAwMDAwMDAwMDAwfX0=",
          "dependencies": [
            "azurerm_resource_group.general_network"
          ]
        }
      ]
    },
    {
      "module": "module.vm",
      "mode": "data",
      "type": "azurerm_subscription",
      "name": "current",
      "provider": "module.vm.provider[\"registry.terraform.io/hashicorp/azurerm\"]",
      "instances": [
        {
          "schema_version": 0,
          "attributes": {
            "display_name": "Azure subscription 1",
            "id": "/subscriptions/6ad3de4b-8806-45a3-bdae-c42ab48bc868",
            "location_placement_id": "Public_2014-09-01",
            "quota_id": "FreeTrial_2014-09-01",
            "spending_limit": "On",
            "state": "Enabled",
            "subscription_id": "6ad3de4b-8806-45a3-bdae-c42ab48bc868",
            "tags": {},
            "tenant_id": "ed019442-7a00-4fcc-b9f3-8983adb6ea42",
            "timeouts": null
          },
          "sensitive_attributes": []
        }
      ]
    },
    {
      "module": "module.vm",
      "mode": "managed",
      "type": "azurerm_linux_virtual_machine",
      "name": "web_srv",
      "provider": "module.vm.provider[\"registry.terraform.io/hashicorp/azurerm\"]",
      "instances": [
        {
          "schema_version": 0,
          "attributes": {
            "additional_capabilities": [],
            "admin_password": "adminuser123!",
            "admin_ssh_key": [],
            "admin_username": "adminuser",
            "allow_extension_operations": true,
            "availability_set_id": "",
            "boot_diagnostics": [],
            "capacity_reservation_group_id": "",
            "computer_name": "ana-azure-vm",
            "custom_data": null,
            "dedicated_host_group_id": "",
            "dedicated_host_id": "",
            "disable_password_authentication": false,
            "edge_zone": "",
            "encryption_at_host_enabled": false,
            "eviction_policy": "",
            "extensions_time_budget": "PT1H30M",
            "gallery_application": [],
            "id": "/subscriptions/6ad3de4b-8806-45a3-bdae-c42ab48bc868/resourceGroups/ana-azure-vm-rg/providers/Microsoft.Compute/virtualMachines/ana-azure-vm",
            "identity": [],
            "license_type": "",
            "location": "westeurope",
            "max_bid_price": -1,
            "name": "ana-azure-vm",
            "network_interface_ids": [
              "/subscriptions/6ad3de4b-8806-45a3-bdae-c42ab48bc868/resourceGroups/ana-azure-vm-rg/providers/Microsoft.Network/networkInterfaces/ana-azure-vm-nic"
            ],
            "os_disk": [
              {
                "caching": "ReadWrite",
                "diff_disk_settings": [],
                "disk_encryption_set_id": "",
                "disk_size_gb": 30,
                "name": "ana-azure-vm_OsDisk_1_bda82d5ed694405ca220af1ffd9ad683",
                "secure_vm_disk_encryption_set_id": "",
                "security_encryption_type": "",
                "storage_account_type": "Standard_LRS",
                "write_accelerator_enabled": false
              }
            ],
            "patch_assessment_mode": "ImageDefault",
            "patch_mode": "ImageDefault",
            "plan": [],
            "platform_fault_domain": -1,
            "priority": "Regular",
            "private_ip_address": "10.0.1.4",
            "private_ip_addresses": [
              "10.0.1.4"
            ],
            "provision_vm_agent": true,
            "proximity_placement_group_id": "",
            "public_ip_address": "65.52.146.25",
            "public_ip_addresses": [
              "65.52.146.25"
            ],
            "resource_group_name": "ana-azure-vm-rg",
            "secret": [],
            "secure_boot_enabled": false,
            "size": "Standard_B2s",
            "source_image_id": "",
            "source_image_reference": [
              {
                "offer": "UbuntuServer",
                "publisher": "Canonical",
                "sku": "18.04-LTS",
                "version": "latest"
              }
            ],
            "tags": null,
            "termination_notification": null,
            "timeouts": null,
            "user_data": "",
            "virtual_machine_id": "47269d06-72e2-426f-b341-1d0d5dd5cc0b",
            "virtual_machine_scale_set_id": "",
            "vtpm_enabled": false,
            "zone": ""
          },
          "sensitive_attributes": [],
          "private": "eyJlMmJmYjczMC1lY2FhLTExZTYtOGY4OC0zNDM2M2JjN2M0YzAiOnsiY3JlYXRlIjoyNzAwMDAwMDAwMDAwLCJkZWxldGUiOjI3MDAwMDAwMDAwMDAsInJlYWQiOjMwMDAwMDAwMDAwMCwidXBkYXRlIjoyNzAwMDAwMDAwMDAwfX0=",
          "dependencies": [
            "azurerm_resource_group.general_network",
            "azurerm_subnet.general_network_vms",
            "azurerm_virtual_network.general_network",
            "module.vm.azurerm_network_interface.vm",
            "module.vm.azurerm_public_ip.vm",
            "module.vm.azurerm_resource_group.vm"
          ]
        }
      ]
    },
    {
      "module": "module.vm",
      "mode": "managed",
      "type": "azurerm_network_interface",
      "name": "vm",
      "provider": "module.vm.provider[\"registry.terraform.io/hashicorp/azurerm\"]",
      "instances": [
        {
          "schema_version": 0,
          "attributes": {
            "applied_dns_servers": [],
            "dns_servers": [],
            "edge_zone": "",
            "enable_accelerated_networking": false,
            "enable_ip_forwarding": false,
            "id": "/subscriptions/6ad3de4b-8806-45a3-bdae-c42ab48bc868/resourceGroups/ana-azure-vm-rg/providers/Microsoft.Network/networkInterfaces/ana-azure-vm-nic",
            "internal_dns_name_label": "",
            "internal_domain_name_suffix": "wwrhpueyhl1e1gj0ly11t0gfuc.ax.internal.cloudapp.net",
            "ip_configuration": [
              {
                "gateway_load_balancer_frontend_ip_configuration_id": "",
                "name": "external",
                "primary": true,
                "private_ip_address": "10.0.1.4",
                "private_ip_address_allocation": "Dynamic",
                "private_ip_address_version": "IPv4",
                "public_ip_address_id": "/subscriptions/6ad3de4b-8806-45a3-bdae-c42ab48bc868/resourceGroups/ana-azure-vm-rg/providers/Microsoft.Network/publicIPAddresses/ana-azure-vm-pip",
                "subnet_id": "/subscriptions/6ad3de4b-8806-45a3-bdae-c42ab48bc868/resourceGroups/ana-azure-ntwrk-rg/providers/Microsoft.Network/virtualNetworks/ana-azure-ntwrk-vnet/subnets/ana-azure-ntwrk-vnet-vms-snet"
              }
            ],
            "location": "westeurope",
            "mac_address": "",
            "name": "ana-azure-vm-nic",
            "private_ip_address": "10.0.1.4",
            "private_ip_addresses": [
              "10.0.1.4"
            ],
            "resource_group_name": "ana-azure-vm-rg",
            "tags": null,
            "timeouts": null,
            "virtual_machine_id": ""
          },
          "sensitive_attributes": [],
          "private": "eyJlMmJmYjczMC1lY2FhLTExZTYtOGY4OC0zNDM2M2JjN2M0YzAiOnsiY3JlYXRlIjoxODAwMDAwMDAwMDAwLCJkZWxldGUiOjE4MDAwMDAwMDAwMDAsInJlYWQiOjMwMDAwMDAwMDAwMCwidXBkYXRlIjoxODAwMDAwMDAwMDAwfX0=",
          "dependencies": [
            "azurerm_resource_group.general_network",
            "azurerm_subnet.general_network_vms",
            "azurerm_virtual_network.general_network",
            "module.vm.azurerm_public_ip.vm",
            "module.vm.azurerm_resource_group.vm"
          ]
        }
      ]
    },
    {
      "module": "module.vm",
      "mode": "managed",
      "type": "azurerm_network_interface_security_group_association",
      "name": "vm_nsg_to_vm_nic",
      "provider": "module.vm.provider[\"registry.terraform.io/hashicorp/azurerm\"]",
      "instances": [
        {
          "schema_version": 0,
          "attributes": {
            "id": "/subscriptions/6ad3de4b-8806-45a3-bdae-c42ab48bc868/resourceGroups/ana-azure-vm-rg/providers/Microsoft.Network/networkInterfaces/ana-azure-vm-nic|/subscriptions/6ad3de4b-8806-45a3-bdae-c42ab48bc868/resourceGroups/ana-azure-vm-rg/providers/Microsoft.Network/networkSecurityGroups/ana-azure-vm-nic-nsg",
            "network_interface_id": "/subscriptions/6ad3de4b-8806-45a3-bdae-c42ab48bc868/resourceGroups/ana-azure-vm-rg/providers/Microsoft.Network/networkInterfaces/ana-azure-vm-nic",
            "network_security_group_id": "/subscriptions/6ad3de4b-8806-45a3-bdae-c42ab48bc868/resourceGroups/ana-azure-vm-rg/providers/Microsoft.Network/networkSecurityGroups/ana-azure-vm-nic-nsg",
            "timeouts": null
          },
          "sensitive_attributes": [],
          "private": "eyJlMmJmYjczMC1lY2FhLTExZTYtOGY4OC0zNDM2M2JjN2M0YzAiOnsiY3JlYXRlIjoxODAwMDAwMDAwMDAwLCJkZWxldGUiOjE4MDAwMDAwMDAwMDAsInJlYWQiOjMwMDAwMDAwMDAwMCwidXBkYXRlIjoxODAwMDAwMDAwMDAwfX0=",
          "dependencies": [
            "azurerm_resource_group.general_network",
            "azurerm_subnet.general_network_vms",
            "azurerm_virtual_network.general_network",
            "module.vm.azurerm_network_interface.vm",
            "module.vm.azurerm_network_security_group.vm",
            "module.vm.azurerm_public_ip.vm",
            "module.vm.azurerm_resource_group.vm"
          ]
        }
      ]
    },
    {
      "module": "module.vm",
      "mode": "managed",
      "type": "azurerm_network_security_group",
      "name": "vm",
      "provider": "module.vm.provider[\"registry.terraform.io/hashicorp/azurerm\"]",
      "instances": [
        {
          "schema_version": 0,
          "attributes": {
            "id": "/subscriptions/6ad3de4b-8806-45a3-bdae-c42ab48bc868/resourceGroups/ana-azure-vm-rg/providers/Microsoft.Network/networkSecurityGroups/ana-azure-vm-nic-nsg",
            "location": "westeurope",
            "name": "ana-azure-vm-nic-nsg",
            "resource_group_name": "ana-azure-vm-rg",
            "security_rule": [
              {
                "access": "Allow",
                "description": "",
                "destination_address_prefix": "*",
                "destination_address_prefixes": [],
                "destination_application_security_group_ids": [],
                "destination_port_range": "22",
                "destination_port_ranges": [],
                "direction": "Inbound",
                "name": "allow_ssh_from_my_ip",
                "priority": 110,
                "protocol": "Tcp",
                "source_address_prefix": "185.100.244.35",
                "source_address_prefixes": [],
                "source_application_security_group_ids": [],
                "source_port_range": "*",
                "source_port_ranges": []
              },
              {
                "access": "Allow",
                "description": "",
                "destination_address_prefix": "*",
                "destination_address_prefixes": [],
                "destination_application_security_group_ids": [],
                "destination_port_range": "80",
                "destination_port_ranges": [],
                "direction": "Inbound",
                "name": "allow_http_from_my_ip",
                "priority": 100,
                "protocol": "Tcp",
                "source_address_prefix": "185.100.244.35",
                "source_address_prefixes": [],
                "source_application_security_group_ids": [],
                "source_port_range": "*",
                "source_port_ranges": []
              }
            ],
            "tags": null,
            "timeouts": null
          },
          "sensitive_attributes": [],
          "private": "eyJlMmJmYjczMC1lY2FhLTExZTYtOGY4OC0zNDM2M2JjN2M0YzAiOnsiY3JlYXRlIjoxODAwMDAwMDAwMDAwLCJkZWxldGUiOjE4MDAwMDAwMDAwMDAsInJlYWQiOjMwMDAwMDAwMDAwMCwidXBkYXRlIjoxODAwMDAwMDAwMDAwfX0=",
          "dependencies": [
            "azurerm_resource_group.general_network",
            "azurerm_subnet.general_network_vms",
            "azurerm_virtual_network.general_network",
            "module.vm.azurerm_network_interface.vm",
            "module.vm.azurerm_public_ip.vm",
            "module.vm.azurerm_resource_group.vm"
          ]
        }
      ]
    },
    {
      "module": "module.vm",
      "mode": "managed",
      "type": "azurerm_public_ip",
      "name": "vm",
      "provider": "module.vm.provider[\"registry.terraform.io/hashicorp/azurerm\"]",
      "instances": [
        {
          "schema_version": 0,
          "attributes": {
            "allocation_method": "Static",
            "ddos_protection_mode": "VirtualNetworkInherited",
            "ddos_protection_plan_id": null,
            "domain_name_label": null,
            "edge_zone": "",
            "fqdn": null,
            "id": "/subscriptions/6ad3de4b-8806-45a3-bdae-c42ab48bc868/resourceGroups/ana-azure-vm-rg/providers/Microsoft.Network/publicIPAddresses/ana-azure-vm-pip",
            "idle_timeout_in_minutes": 4,
            "ip_address": "65.52.146.25",
            "ip_tags": null,
            "ip_version": "IPv4",
            "location": "westeurope",
            "name": "ana-azure-vm-pip",
            "public_ip_prefix_id": null,
            "resource_group_name": "ana-azure-vm-rg",
            "reverse_fqdn": null,
            "sku": "Basic",
            "sku_tier": "Regional",
            "tags": null,
            "timeouts": null,
            "zones": null
          },
          "sensitive_attributes": [],
          "private": "eyJlMmJmYjczMC1lY2FhLTExZTYtOGY4OC0zNDM2M2JjN2M0YzAiOnsiY3JlYXRlIjoxODAwMDAwMDAwMDAwLCJkZWxldGUiOjE4MDAwMDAwMDAwMDAsInJlYWQiOjMwMDAwMDAwMDAwMCwidXBkYXRlIjoxODAwMDAwMDAwMDAwfX0=",
          "dependencies": [
            "module.vm.azurerm_resource_group.vm"
          ]
        }
      ]
    },
    {
      "module": "module.vm",
      "mode": "managed",
      "type": "azurerm_resource_group",
      "name": "vm",
      "provider": "module.vm.provider[\"registry.terraform.io/hashicorp/azurerm\"]",
      "instances": [
        {
          "schema_version": 0,
          "attributes": {
            "id": "/subscriptions/6ad3de4b-8806-45a3-bdae-c42ab48bc868/resourceGroups/ana-azure-vm-rg",
            "location": "westeurope",
            "name": "ana-azure-vm-rg",
            "tags": null,
            "timeouts": null
          },
          "sensitive_attributes": [],
          "private": "eyJlMmJmYjczMC1lY2FhLTExZTYtOGY4OC0zNDM2M2JjN2M0YzAiOnsiY3JlYXRlIjo1NDAwMDAwMDAwMDAwLCJkZWxldGUiOjU0MDAwMDAwMDAwMDAsInJlYWQiOjMwMDAwMDAwMDAwMCwidXBkYXRlIjo1NDAwMDAwMDAwMDAwfX0="
        }
      ]
    }
  ],
  "check_results": null
}
